
Microsoft Visual Studio Solution File, Format Version 12.00
# Visual Studio Version 17
VisualStudioVersion = 17.14.36603.0
MinimumVisualStudioVersion = 10.0.40219.1
Project("{8BC9CEB8-8B4A-11D0-8D11-00A0C91BC942}") = "DxTkMain", "DxTkMain.vcxproj", "{83BAD020-A63E-4F79-AC3F-046F0C9047A2}"
EndProject
Global
	GlobalSection(SolutionConfigurationPlatforms) = preSolution
		Debug|x64 = Debug|x64
		Debug|x86 = Debug|x86
		Release|x64 = Release|x64
		Release|x86 = Release|x86
	EndGlobalSection
	GlobalSection(ProjectConfigurationPlatforms) = postSolution
		{83BAD020-A63E-4F79-AC3F-046F0C9047A2}.Debug|x64.ActiveCfg = Debug|x64
		{83BAD020-A63E-4F79-AC3F-046F0C9047A2}.Debug|x64.Build.0 = Debug|x64
		{83BAD020-A63E-4F79-AC3F-046F0C9047A2}.Debug|x86.ActiveCfg = Debug|Win32
		{83BAD020-A63E-4F79-AC3F-046F0C9047A2}.Debug|x86.Build.0 = Debug|Win32
		{83BAD020-A63E-4F79-AC3F-046F0C9047A2}.Release|x64.ActiveCfg = Release|x64
		{83BAD020-A63E-4F79-AC3F-046F0C9047A2}.Release|x64.Build.0 = Release|x64
		{83BAD020-A63E-4F79-AC3F-046F0C9047A2}.Release|x86.ActiveCfg = Release|Win32
		{83BAD020-A63E-4F79-AC3F-046F0C9047A2}.Release|x86.Build.0 = Release|Win32
	EndGlobalSection
	GlobalSection(SolutionProperties) = preSolution
		HideSolutionNode = FALSE
	EndGlobalSection
	GlobalSection(ExtensibilityGlobals) = postSolution
		SolutionGuid = {DA6A8577-2931-43EF-9900-735B33A496BF}
	EndGlobalSection
EndGlobal
